
Microsoft Visual Studio Solution File, Format Version 12.00
# Visual Studio Version 17
VisualStudioVersion = 17.5.002.0
MinimumVisualStudioVersion = 10.0.40219.1
Project("{9A19103F-16F7-4668-BE54-9A1E7A4F7556}") = "task2", "task2.csproj", "{363646A3-DEDD-40A3-B494-8BB430A0CDDB}"
EndProject
Global
	GlobalSection(SolutionConfigurationPlatforms) = preSolution
		Debug|Any CPU = Debug|Any CPU
		Release|Any CPU = Release|Any CPU
	EndGlobalSection
	GlobalSection(ProjectConfigurationPlatforms) = postSolution
		{363646A3-DEDD-40A3-B494-8BB430A0CDDB}.Debug|Any CPU.ActiveCfg = Debug|Any CPU
		{363646A3-DEDD-40A3-B494-8BB430A0CDDB}.Debug|Any CPU.Build.0 = Debug|Any CPU
		{363646A3-DEDD-40A3-B494-8BB430A0CDDB}.Release|Any CPU.ActiveCfg = Release|Any CPU
		{363646A3-DEDD-40A3-B494-8BB430A0CDDB}.Release|Any CPU.Build.0 = Release|Any CPU
	EndGlobalSection
	GlobalSection(SolutionProperties) = preSolution
		HideSolutionNode = FALSE
	EndGlobalSection
	GlobalSection(ExtensibilityGlobals) = postSolution
		SolutionGuid = {8C90C467-AAF3-49F0-A374-BC14CD10BE1F}
	EndGlobalSection
EndGlobal
